
Microsoft Visual Studio Solution File, Format Version 12.00
# Visual Studio Version 17
VisualStudioVersion = 17.6.33626.354
MinimumVisualStudioVersion = 10.0.40219.1
Project("{FAE04EC0-301F-11D3-BF4B-00C04F79EFBC}") = "Web.Server", "Web\Server\Web.Server.csproj", "{72E1278B-516C-4F08-9940-5D9D7CA824E9}"
EndProject
Project("{FAE04EC0-301F-11D3-BF4B-00C04F79EFBC}") = "Web.Client", "Web\Client\Web.Client.csproj", "{2AB0E12A-F958-4147-BC75-306C4EC644EE}"
EndProject
Project("{FAE04EC0-301F-11D3-BF4B-00C04F79EFBC}") = "Web.Shared", "Web\Shared\Web.Shared.csproj", "{3A89C658-C47C-44BA-9DD5-067ED1CB0EB0}"
EndProject
Global
	GlobalSection(SolutionConfigurationPlatforms) = preSolution
		Debug|Any CPU = Debug|Any CPU
		Release|Any CPU = Release|Any CPU
	EndGlobalSection
	GlobalSection(ProjectConfigurationPlatforms) = postSolution
		{72E1278B-516C-4F08-9940-5D9D7CA824E9}.Debug|Any CPU.ActiveCfg = Debug|Any CPU
		{72E1278B-516C-4F08-9940-5D9D7CA824E9}.Debug|Any CPU.Build.0 = Debug|Any CPU
		{72E1278B-516C-4F08-9940-5D9D7CA824E9}.Release|Any CPU.ActiveCfg = Release|Any CPU
		{72E1278B-516C-4F08-9940-5D9D7CA824E9}.Release|Any CPU.Build.0 = Release|Any CPU
		{2AB0E12A-F958-4147-BC75-306C4EC644EE}.Debug|Any CPU.ActiveCfg = Debug|Any CPU
		{2AB0E12A-F958-4147-BC75-306C4EC644EE}.Debug|Any CPU.Build.0 = Debug|Any CPU
		{2AB0E12A-F958-4147-BC75-306C4EC644EE}.Release|Any CPU.ActiveCfg = Release|Any CPU
		{2AB0E12A-F958-4147-BC75-306C4EC644EE}.Release|Any CPU.Build.0 = Release|Any CPU
		{3A89C658-C47C-44BA-9DD5-067ED1CB0EB0}.Debug|Any CPU.ActiveCfg = Debug|Any CPU
		{3A89C658-C47C-44BA-9DD5-067ED1CB0EB0}.Debug|Any CPU.Build.0 = Debug|Any CPU
		{3A89C658-C47C-44BA-9DD5-067ED1CB0EB0}.Release|Any CPU.ActiveCfg = Release|Any CPU
		{3A89C658-C47C-44BA-9DD5-067ED1CB0EB0}.Release|Any CPU.Build.0 = Release|Any CPU
	EndGlobalSection
	GlobalSection(SolutionProperties) = preSolution
		HideSolutionNode = FALSE
	EndGlobalSection
	GlobalSection(ExtensibilityGlobals) = postSolution
		SolutionGuid = {F2DAA838-3CD8-4FBA-8A5E-AD5B34FBAA55}
	EndGlobalSection
EndGlobal
